Microsoft Visual Studio Solution File, Format Version 12.00
# Visual Studio Version 17
VisualStudioVersion = 17.0.31903.59
MinimumVisualStudioVersion = 10.0.40219.1
Project("{FAE04EC0-301F-11D3-BF4B-00C04F79EFBC}") = "PRN232.Domain", "PRN232.Domain\PRN232.Domain.csproj", "{583AB334-9960-48B9-9DEC-7675E19B995A}"
EndProject
Project("{FAE04EC0-301F-11D3-BF4B-00C04F79EFBC}") = "PRN232.Application", "PRN232.Application\PRN232.Application.csproj", "{7C47C268-41A7-4E1A-ADF8-2199215C4E8E}"
EndProject
Project("{FAE04EC0-301F-11D3-BF4B-00C04F79EFBC}") = "PRN232.Infrastructure", "PRN232.Infrastructure\PRN232.Infrastructure.csproj", "{D83AE1FF-30B0-4673-9816-94738C604DEB}"
EndProject
Project("{FAE04EC0-301F-11D3-BF4B-00C04F79EFBC}") = "PRN232.Api", "PRN232.Api\PRN232.Api.csproj", "{5370B532-2BFA-4757-BB2D-9AD0B9759E1A}"
EndProject
Project("{FAE04EC0-301F-11D3-BF4B-00C04F79EFBC}") = "PRN232.Application.Tests", "PRN232.Application.Tests\PRN232.Application.Tests.csproj", "{A6F0E7E8-0B3B-4BD7-B647-4ABAA37D41DD}"
EndProject
Global
	GlobalSection(SolutionConfigurationPlatforms) = preSolution
		Debug|Any CPU = Debug|Any CPU
		Release|Any CPU = Release|Any CPU
	EndGlobalSection
	GlobalSection(SolutionProperties) = preSolution
		HideSolutionNode = FALSE
	EndGlobalSection
	GlobalSection(ProjectConfigurationPlatforms) = postSolution
		{583AB334-9960-48B9-9DEC-7675E19B995A}.Debug|Any CPU.ActiveCfg = Debug|Any CPU
		{583AB334-9960-48B9-9DEC-7675E19B995A}.Debug|Any CPU.Build.0 = Debug|Any CPU
		{583AB334-9960-48B9-9DEC-7675E19B995A}.Release|Any CPU.ActiveCfg = Release|Any CPU
		{583AB334-9960-48B9-9DEC-7675E19B995A}.Release|Any CPU.Build.0 = Release|Any CPU
		{7C47C268-41A7-4E1A-ADF8-2199215C4E8E}.Debug|Any CPU.ActiveCfg = Debug|Any CPU
		{7C47C268-41A7-4E1A-ADF8-2199215C4E8E}.Debug|Any CPU.Build.0 = Debug|Any CPU
		{7C47C268-41A7-4E1A-ADF8-2199215C4E8E}.Release|Any CPU.ActiveCfg = Release|Any CPU
		{7C47C268-41A7-4E1A-ADF8-2199215C4E8E}.Release|Any CPU.Build.0 = Release|Any CPU
		{D83AE1FF-30B0-4673-9816-94738C604DEB}.Debug|Any CPU.ActiveCfg = Debug|Any CPU
		{D83AE1FF-30B0-4673-9816-94738C604DEB}.Debug|Any CPU.Build.0 = Debug|Any CPU
		{D83AE1FF-30B0-4673-9816-94738C604DEB}.Release|Any CPU.ActiveCfg = Release|Any CPU
		{D83AE1FF-30B0-4673-9816-94738C604DEB}.Release|Any CPU.Build.0 = Release|Any CPU
		{5370B532-2BFA-4757-BB2D-9AD0B9759E1A}.Debug|Any CPU.ActiveCfg = Debug|Any CPU
		{5370B532-2BFA-4757-BB2D-9AD0B9759E1A}.Debug|Any CPU.Build.0 = Debug|Any CPU
		{5370B532-2BFA-4757-BB2D-9AD0B9759E1A}.Release|Any CPU.ActiveCfg = Release|Any CPU
		{5370B532-2BFA-4757-BB2D-9AD0B9759E1A}.Release|Any CPU.Build.0 = Release|Any CPU
		{A6F0E7E8-0B3B-4BD7-B647-4ABAA37D41DD}.Debug|Any CPU.ActiveCfg = Debug|Any CPU
		{A6F0E7E8-0B3B-4BD7-B647-4ABAA37D41DD}.Debug|Any CPU.Build.0 = Debug|Any CPU
		{A6F0E7E8-0B3B-4BD7-B647-4ABAA37D41DD}.Release|Any CPU.ActiveCfg = Release|Any CPU
		{A6F0E7E8-0B3B-4BD7-B647-4ABAA37D41DD}.Release|Any CPU.Build.0 = Release|Any CPU
	EndGlobalSection
EndGlobal
